
Microsoft Visual Studio Solution File, Format Version 12.00
# Visual Studio 2012
Project("{2150E333-8FDC-42A3-9474-1A3956D46DE8}") = "Solution Items", "Solution Items", "{80ADC18F-2BFC-4B79-B264-5244E4F2FEED}"
	ProjectSection(SolutionItems) = preProject
		ChangeLog.txt = ChangeLog.txt
	EndProjectSection
EndProject
Project("{FAE04EC0-301F-11D3-BF4B-00C04F79EFBC}") = "Asterisk.NET", "Asterisk.NET\Asterisk.NET.csproj", "{BC6E7DBA-C05A-45FE-A2A3-B1637CE16274}"
EndProject
Project("{FAE04EC0-301F-11D3-BF4B-00C04F79EFBC}") = "Asterisk.NET.WinForm", "Asterisk.NET.WinForm\Asterisk.NET.WinForm.csproj", "{03687626-613A-4E41-8F60-7C7839D6DD5D}"
EndProject
Global
	GlobalSection(TeamFoundationVersionControl) = preSolution
		SccNumberOfProjects = 3
		SccEnterpriseProvider = {4CA58AB2-18FA-4F8D-95D4-32DDF27D184C}
		SccTeamFoundationServer = https://tfs.codeplex.com/tfs/tfs33
		SccLocalPath0 = .
		SccProjectUniqueName1 = Asterisk.NET.WinForm\\Asterisk.NET.WinForm.csproj
		SccProjectName1 = Asterisk.NET.WinForm
		SccLocalPath1 = Asterisk.NET.WinForm
		SccProjectUniqueName2 = Asterisk.NET\\Asterisk.NET.csproj
		SccProjectName2 = Asterisk.NET
		SccLocalPath2 = Asterisk.NET
	EndGlobalSection
	GlobalSection(SolutionConfigurationPlatforms) = preSolution
		Debug|Any CPU = Debug|Any CPU
		Release|Any CPU = Release|Any CPU
	EndGlobalSection
	GlobalSection(ProjectConfigurationPlatforms) = postSolution
		{BC6E7DBA-C05A-45FE-A2A3-B1637CE16274}.Debug|Any CPU.ActiveCfg = Debug|Any CPU
		{BC6E7DBA-C05A-45FE-A2A3-B1637CE16274}.Debug|Any CPU.Build.0 = Debug|Any CPU
		{BC6E7DBA-C05A-45FE-A2A3-B1637CE16274}.Release|Any CPU.ActiveCfg = Release|Any CPU
		{BC6E7DBA-C05A-45FE-A2A3-B1637CE16274}.Release|Any CPU.Build.0 = Release|Any CPU
		{03687626-613A-4E41-8F60-7C7839D6DD5D}.Debug|Any CPU.ActiveCfg = Debug|Any CPU
		{03687626-613A-4E41-8F60-7C7839D6DD5D}.Debug|Any CPU.Build.0 = Debug|Any CPU
		{03687626-613A-4E41-8F60-7C7839D6DD5D}.Release|Any CPU.ActiveCfg = Release|Any CPU
		{03687626-613A-4E41-8F60-7C7839D6DD5D}.Release|Any CPU.Build.0 = Release|Any CPU
	EndGlobalSection
	GlobalSection(SolutionProperties) = preSolution
		HideSolutionNode = FALSE
	EndGlobalSection
EndGlobal
